
Microsoft Visual Studio Solution File, Format Version 12.00
# Visual Studio Version 17
VisualStudioVersion = 17.3.32825.248
MinimumVisualStudioVersion = 10.0.40219.1
Project("{8BC9CEB8-8B4A-11D0-8D11-00A0C91BC942}") = "找零", "Project5\Project5.vcxproj", "{3429D86E-265C-41FC-89F9-F362182015B3}"
EndProject
Project("{8BC9CEB8-8B4A-11D0-8D11-00A0C91BC942}") = "猜数", "Project1\Project1.vcxproj", "{9AB2141A-973A-4769-814A-D8AF638957AD}"
EndProject
Project("{8BC9CEB8-8B4A-11D0-8D11-00A0C91BC942}") = "计算平均数", "Project2\Project2.vcxproj", "{1215A456-2419-474C-8B69-9A8E5816F9F1}"
EndProject
Project("{8BC9CEB8-8B4A-11D0-8D11-00A0C91BC942}") = "n!", "Project3\Project3.vcxproj", "{BCE0342E-1DD6-4A1F-A6BD-7808C80093D8}"
EndProject
Project("{8BC9CEB8-8B4A-11D0-8D11-00A0C91BC942}") = "素数", "Project4\Project4.vcxproj", "{55F78C9B-65D7-444E-BCF4-3516DDEC605D}"
EndProject
Project("{8BC9CEB8-8B4A-11D0-8D11-00A0C91BC942}") = "顺序排序", "Project6\Project6.vcxproj", "{94E41913-E401-4763-B63D-61E41768EB00}"
EndProject
Project("{8BC9CEB8-8B4A-11D0-8D11-00A0C91BC942}") = "求符合给定条件的整数集", "求符合给定条件的整数集\求符合给定条件的整数集.vcxproj", "{9F064237-B817-4F17-BED5-001F99E126F6}"
EndProject
Project("{8BC9CEB8-8B4A-11D0-8D11-00A0C91BC942}") = "水仙花数", "水仙花数\水仙花数.vcxproj", "{FC094109-2774-403E-B5F4-8CA4A42E1818}"
EndProject
Project("{8BC9CEB8-8B4A-11D0-8D11-00A0C91BC942}") = "九九乘法表", "k\k.vcxproj", "{DAD2840C-737C-4EB2-8E5D-20968A4E0556}"
EndProject
Project("{8BC9CEB8-8B4A-11D0-8D11-00A0C91BC942}") = "统计素数并求和", "统计素数并求和\统计素数并求和.vcxproj", "{B73C8A55-7ED6-47A6-8941-C50C60892DD4}"
EndProject
Project("{8BC9CEB8-8B4A-11D0-8D11-00A0C91BC942}") = "前N项求和", "前N项求和\前N项求和.vcxproj", "{69A1CDD9-552A-4C07-B3FE-40BDBF29F420}"
EndProject
Project("{8BC9CEB8-8B4A-11D0-8D11-00A0C91BC942}") = "约分最简分式", "约分最简分式\约分最简分式.vcxproj", "{763470F5-6B0B-450C-8D21-1527955891BF}"
EndProject
Project("{8BC9CEB8-8B4A-11D0-8D11-00A0C91BC942}") = "念数字", "念数字\念数字.vcxproj", "{D6F0D156-783E-42F5-A24D-1D0241C8AF90}"
EndProject
Project("{8BC9CEB8-8B4A-11D0-8D11-00A0C91BC942}") = "？？？？", "求a的连续和\求a的连续和.vcxproj", "{F7C557A5-1E2D-4B4B-80D6-64B8AE982802}"
EndProject
Project("{8BC9CEB8-8B4A-11D0-8D11-00A0C91BC942}") = "类型", "类型\类型.vcxproj", "{B2D1C373-6C33-42BE-BCC2-D7314BBAFB05}"
EndProject
Project("{8BC9CEB8-8B4A-11D0-8D11-00A0C91BC942}") = "求和", "求和\求和.vcxproj", "{1232D357-9FE8-45EC-95E0-612CCE1C23A0}"
EndProject
Project("{8BC9CEB8-8B4A-11D0-8D11-00A0C91BC942}") = "函数", "函数\函数.vcxproj", "{65EC4ADC-62E6-40AC-AC66-645A8FA11A90}"
EndProject
Project("{8BC9CEB8-8B4A-11D0-8D11-00A0C91BC942}") = "数组", "数组\数组.vcxproj", "{3D9C1731-0A3C-4D8E-BAF0-3C49701134F4}"
EndProject
Project("{8BC9CEB8-8B4A-11D0-8D11-00A0C91BC942}") = "错误！", "错误！\错误！.vcxproj", "{89BFAEA0-0A7A-47C8-B242-D4770A75E03D}"
EndProject
Global
	GlobalSection(SolutionConfigurationPlatforms) = preSolution
		Debug|x64 = Debug|x64
		Debug|x86 = Debug|x86
		Release|x64 = Release|x64
		Release|x86 = Release|x86
	EndGlobalSection
	GlobalSection(ProjectConfigurationPlatforms) = postSolution
		{3429D86E-265C-41FC-89F9-F362182015B3}.Debug|x64.ActiveCfg = Debug|x64
		{3429D86E-265C-41FC-89F9-F362182015B3}.Debug|x64.Build.0 = Debug|x64
		{3429D86E-265C-41FC-89F9-F362182015B3}.Debug|x86.ActiveCfg = Debug|Win32
		{3429D86E-265C-41FC-89F9-F362182015B3}.Debug|x86.Build.0 = Debug|Win32
		{3429D86E-265C-41FC-89F9-F362182015B3}.Release|x64.ActiveCfg = Release|x64
		{3429D86E-265C-41FC-89F9-F362182015B3}.Release|x64.Build.0 = Release|x64
		{3429D86E-265C-41FC-89F9-F362182015B3}.Release|x86.ActiveCfg = Release|Win32
		{3429D86E-265C-41FC-89F9-F362182015B3}.Release|x86.Build.0 = Release|Win32
		{9AB2141A-973A-4769-814A-D8AF638957AD}.Debug|x64.ActiveCfg = Debug|x64
		{9AB2141A-973A-4769-814A-D8AF638957AD}.Debug|x64.Build.0 = Debug|x64
		{9AB2141A-973A-4769-814A-D8AF638957AD}.Debug|x86.ActiveCfg = Debug|Win32
		{9AB2141A-973A-4769-814A-D8AF638957AD}.Debug|x86.Build.0 = Debug|Win32
		{9AB2141A-973A-4769-814A-D8AF638957AD}.Release|x64.ActiveCfg = Release|x64
		{9AB2141A-973A-4769-814A-D8AF638957AD}.Release|x64.Build.0 = Release|x64
		{9AB2141A-973A-4769-814A-D8AF638957AD}.Release|x86.ActiveCfg = Release|Win32
		{9AB2141A-973A-4769-814A-D8AF638957AD}.Release|x86.Build.0 = Release|Win32
		{1215A456-2419-474C-8B69-9A8E5816F9F1}.Debug|x64.ActiveCfg = Debug|x64
		{1215A456-2419-474C-8B69-9A8E5816F9F1}.Debug|x64.Build.0 = Debug|x64
		{1215A456-2419-474C-8B69-9A8E5816F9F1}.Debug|x86.ActiveCfg = Debug|Win32
		{1215A456-2419-474C-8B69-9A8E5816F9F1}.Debug|x86.Build.0 = Debug|Win32
		{1215A456-2419-474C-8B69-9A8E5816F9F1}.Release|x64.ActiveCfg = Release|x64
		{1215A456-2419-474C-8B69-9A8E5816F9F1}.Release|x64.Build.0 = Release|x64
		{1215A456-2419-474C-8B69-9A8E5816F9F1}.Release|x86.ActiveCfg = Release|Win32
		{1215A456-2419-474C-8B69-9A8E5816F9F1}.Release|x86.Build.0 = Release|Win32
		{BCE0342E-1DD6-4A1F-A6BD-7808C80093D8}.Debug|x64.ActiveCfg = Debug|x64
		{BCE0342E-1DD6-4A1F-A6BD-7808C80093D8}.Debug|x64.Build.0 = Debug|x64
		{BCE0342E-1DD6-4A1F-A6BD-7808C80093D8}.Debug|x86.ActiveCfg = Debug|Win32
		{BCE0342E-1DD6-4A1F-A6BD-7808C80093D8}.Debug|x86.Build.0 = Debug|Win32
		{BCE0342E-1DD6-4A1F-A6BD-7808C80093D8}.Release|x64.ActiveCfg = Release|x64
		{BCE0342E-1DD6-4A1F-A6BD-7808C80093D8}.Release|x64.Build.0 = Release|x64
		{BCE0342E-1DD6-4A1F-A6BD-7808C80093D8}.Release|x86.ActiveCfg = Release|Win32
		{BCE0342E-1DD6-4A1F-A6BD-7808C80093D8}.Release|x86.Build.0 = Release|Win32
		{55F78C9B-65D7-444E-BCF4-3516DDEC605D}.Debug|x64.ActiveCfg = Debug|x64
		{55F78C9B-65D7-444E-BCF4-3516DDEC605D}.Debug|x64.Build.0 = Debug|x64
		{55F78C9B-65D7-444E-BCF4-3516DDEC605D}.Debug|x86.ActiveCfg = Debug|Win32
		{55F78C9B-65D7-444E-BCF4-3516DDEC605D}.Debug|x86.Build.0 = Debug|Win32
		{55F78C9B-65D7-444E-BCF4-3516DDEC605D}.Release|x64.ActiveCfg = Release|x64
		{55F78C9B-65D7-444E-BCF4-3516DDEC605D}.Release|x64.Build.0 = Release|x64
		{55F78C9B-65D7-444E-BCF4-3516DDEC605D}.Release|x86.ActiveCfg = Release|Win32
		{55F78C9B-65D7-444E-BCF4-3516DDEC605D}.Release|x86.Build.0 = Release|Win32
		{94E41913-E401-4763-B63D-61E41768EB00}.Debug|x64.ActiveCfg = Debug|x64
		{94E41913-E401-4763-B63D-61E41768EB00}.Debug|x64.Build.0 = Debug|x64
		{94E41913-E401-4763-B63D-61E41768EB00}.Debug|x86.ActiveCfg = Debug|Win32
		{94E41913-E401-4763-B63D-61E41768EB00}.Debug|x86.Build.0 = Debug|Win32
		{94E41913-E401-4763-B63D-61E41768EB00}.Release|x64.ActiveCfg = Release|x64
		{94E41913-E401-4763-B63D-61E41768EB00}.Release|x64.Build.0 = Release|x64
		{94E41913-E401-4763-B63D-61E41768EB00}.Release|x86.ActiveCfg = Release|Win32
		{94E41913-E401-4763-B63D-61E41768EB00}.Release|x86.Build.0 = Release|Win32
		{9F064237-B817-4F17-BED5-001F99E126F6}.Debug|x64.ActiveCfg = Debug|x64
		{9F064237-B817-4F17-BED5-001F99E126F6}.Debug|x64.Build.0 = Debug|x64
		{9F064237-B817-4F17-BED5-001F99E126F6}.Debug|x86.ActiveCfg = Debug|Win32
		{9F064237-B817-4F17-BED5-001F99E126F6}.Debug|x86.Build.0 = Debug|Win32
		{9F064237-B817-4F17-BED5-001F99E126F6}.Release|x64.ActiveCfg = Release|x64
		{9F064237-B817-4F17-BED5-001F99E126F6}.Release|x64.Build.0 = Release|x64
		{9F064237-B817-4F17-BED5-001F99E126F6}.Release|x86.ActiveCfg = Release|Win32
		{9F064237-B817-4F17-BED5-001F99E126F6}.Release|x86.Build.0 = Release|Win32
		{FC094109-2774-403E-B5F4-8CA4A42E1818}.Debug|x64.ActiveCfg = Debug|x64
		{FC094109-2774-403E-B5F4-8CA4A42E1818}.Debug|x64.Build.0 = Debug|x64
		{FC094109-2774-403E-B5F4-8CA4A42E1818}.Debug|x86.ActiveCfg = Debug|Win32
		{FC094109-2774-403E-B5F4-8CA4A42E1818}.Debug|x86.Build.0 = Debug|Win32
		{FC094109-2774-403E-B5F4-8CA4A42E1818}.Release|x64.ActiveCfg = Release|x64
		{FC094109-2774-403E-B5F4-8CA4A42E1818}.Release|x64.Build.0 = Release|x64
		{FC094109-2774-403E-B5F4-8CA4A42E1818}.Release|x86.ActiveCfg = Release|Win32
		{FC094109-2774-403E-B5F4-8CA4A42E1818}.Release|x86.Build.0 = Release|Win32
		{DAD2840C-737C-4EB2-8E5D-20968A4E0556}.Debug|x64.ActiveCfg = Debug|x64
		{DAD2840C-737C-4EB2-8E5D-20968A4E0556}.Debug|x64.Build.0 = Debug|x64
		{DAD2840C-737C-4EB2-8E5D-20968A4E0556}.Debug|x86.ActiveCfg = Debug|Win32
		{DAD2840C-737C-4EB2-8E5D-20968A4E0556}.Debug|x86.Build.0 = Debug|Win32
		{DAD2840C-737C-4EB2-8E5D-20968A4E0556}.Release|x64.ActiveCfg = Release|x64
		{DAD2840C-737C-4EB2-8E5D-20968A4E0556}.Release|x64.Build.0 = Release|x64
		{DAD2840C-737C-4EB2-8E5D-20968A4E0556}.Release|x86.ActiveCfg = Release|Win32
		{DAD2840C-737C-4EB2-8E5D-20968A4E0556}.Release|x86.Build.0 = Release|Win32
		{B73C8A55-7ED6-47A6-8941-C50C60892DD4}.Debug|x64.ActiveCfg = Debug|x64
		{B73C8A55-7ED6-47A6-8941-C50C60892DD4}.Debug|x64.Build.0 = Debug|x64
		{B73C8A55-7ED6-47A6-8941-C50C60892DD4}.Debug|x86.ActiveCfg = Debug|Win32
		{B73C8A55-7ED6-47A6-8941-C50C60892DD4}.Debug|x86.Build.0 = Debug|Win32
		{B73C8A55-7ED6-47A6-8941-C50C60892DD4}.Release|x64.ActiveCfg = Release|x64
		{B73C8A55-7ED6-47A6-8941-C50C60892DD4}.Release|x64.Build.0 = Release|x64
		{B73C8A55-7ED6-47A6-8941-C50C60892DD4}.Release|x86.ActiveCfg = Release|Win32
		{B73C8A55-7ED6-47A6-8941-C50C60892DD4}.Release|x86.Build.0 = Release|Win32
		{69A1CDD9-552A-4C07-B3FE-40BDBF29F420}.Debug|x64.ActiveCfg = Debug|x64
		{69A1CDD9-552A-4C07-B3FE-40BDBF29F420}.Debug|x64.Build.0 = Debug|x64
		{69A1CDD9-552A-4C07-B3FE-40BDBF29F420}.Debug|x86.ActiveCfg = Debug|Win32
		{69A1CDD9-552A-4C07-B3FE-40BDBF29F420}.Debug|x86.Build.0 = Debug|Win32
		{69A1CDD9-552A-4C07-B3FE-40BDBF29F420}.Release|x64.ActiveCfg = Release|x64
		{69A1CDD9-552A-4C07-B3FE-40BDBF29F420}.Release|x64.Build.0 = Release|x64
		{69A1CDD9-552A-4C07-B3FE-40BDBF29F420}.Release|x86.ActiveCfg = Release|Win32
		{69A1CDD9-552A-4C07-B3FE-40BDBF29F420}.Release|x86.Build.0 = Release|Win32
		{763470F5-6B0B-450C-8D21-1527955891BF}.Debug|x64.ActiveCfg = Debug|x64
		{763470F5-6B0B-450C-8D21-1527955891BF}.Debug|x64.Build.0 = Debug|x64
		{763470F5-6B0B-450C-8D21-1527955891BF}.Debug|x86.ActiveCfg = Debug|Win32
		{763470F5-6B0B-450C-8D21-1527955891BF}.Debug|x86.Build.0 = Debug|Win32
		{763470F5-6B0B-450C-8D21-1527955891BF}.Release|x64.ActiveCfg = Release|x64
		{763470F5-6B0B-450C-8D21-1527955891BF}.Release|x64.Build.0 = Release|x64
		{763470F5-6B0B-450C-8D21-1527955891BF}.Release|x86.ActiveCfg = Release|Win32
		{763470F5-6B0B-450C-8D21-1527955891BF}.Release|x86.Build.0 = Release|Win32
		{D6F0D156-783E-42F5-A24D-1D0241C8AF90}.Debug|x64.ActiveCfg = Debug|x64
		{D6F0D156-783E-42F5-A24D-1D0241C8AF90}.Debug|x64.Build.0 = Debug|x64
		{D6F0D156-783E-42F5-A24D-1D0241C8AF90}.Debug|x86.ActiveCfg = Debug|Win32
		{D6F0D156-783E-42F5-A24D-1D0241C8AF90}.Debug|x86.Build.0 = Debug|Win32
		{D6F0D156-783E-42F5-A24D-1D0241C8AF90}.Release|x64.ActiveCfg = Release|x64
		{D6F0D156-783E-42F5-A24D-1D0241C8AF90}.Release|x64.Build.0 = Release|x64
		{D6F0D156-783E-42F5-A24D-1D0241C8AF90}.Release|x86.ActiveCfg = Release|Win32
		{D6F0D156-783E-42F5-A24D-1D0241C8AF90}.Release|x86.Build.0 = Release|Win32
		{F7C557A5-1E2D-4B4B-80D6-64B8AE982802}.Debug|x64.ActiveCfg = Debug|x64
		{F7C557A5-1E2D-4B4B-80D6-64B8AE982802}.Debug|x64.Build.0 = Debug|x64
		{F7C557A5-1E2D-4B4B-80D6-64B8AE982802}.Debug|x86.ActiveCfg = Debug|Win32
		{F7C557A5-1E2D-4B4B-80D6-64B8AE982802}.Debug|x86.Build.0 = Debug|Win32
		{F7C557A5-1E2D-4B4B-80D6-64B8AE982802}.Release|x64.ActiveCfg = Release|x64
		{F7C557A5-1E2D-4B4B-80D6-64B8AE982802}.Release|x64.Build.0 = Release|x64
		{F7C557A5-1E2D-4B4B-80D6-64B8AE982802}.Release|x86.ActiveCfg = Release|Win32
		{F7C557A5-1E2D-4B4B-80D6-64B8AE982802}.Release|x86.Build.0 = Release|Win32
		{B2D1C373-6C33-42BE-BCC2-D7314BBAFB05}.Debug|x64.ActiveCfg = Debug|x64
		{B2D1C373-6C33-42BE-BCC2-D7314BBAFB05}.Debug|x64.Build.0 = Debug|x64
		{B2D1C373-6C33-42BE-BCC2-D7314BBAFB05}.Debug|x86.ActiveCfg = Debug|Win32
		{B2D1C373-6C33-42BE-BCC2-D7314BBAFB05}.Debug|x86.Build.0 = Debug|Win32
		{B2D1C373-6C33-42BE-BCC2-D7314BBAFB05}.Release|x64.ActiveCfg = Release|x64
		{B2D1C373-6C33-42BE-BCC2-D7314BBAFB05}.Release|x64.Build.0 = Release|x64
		{B2D1C373-6C33-42BE-BCC2-D7314BBAFB05}.Release|x86.ActiveCfg = Release|Win32
		{B2D1C373-6C33-42BE-BCC2-D7314BBAFB05}.Release|x86.Build.0 = Release|Win32
		{1232D357-9FE8-45EC-95E0-612CCE1C23A0}.Debug|x64.ActiveCfg = Debug|x64
		{1232D357-9FE8-45EC-95E0-612CCE1C23A0}.Debug|x64.Build.0 = Debug|x64
		{1232D357-9FE8-45EC-95E0-612CCE1C23A0}.Debug|x86.ActiveCfg = Debug|Win32
		{1232D357-9FE8-45EC-95E0-612CCE1C23A0}.Debug|x86.Build.0 = Debug|Win32
		{1232D357-9FE8-45EC-95E0-612CCE1C23A0}.Release|x64.ActiveCfg = Release|x64
		{1232D357-9FE8-45EC-95E0-612CCE1C23A0}.Release|x64.Build.0 = Release|x64
		{1232D357-9FE8-45EC-95E0-612CCE1C23A0}.Release|x86.ActiveCfg = Release|Win32
		{1232D357-9FE8-45EC-95E0-612CCE1C23A0}.Release|x86.Build.0 = Release|Win32
		{65EC4ADC-62E6-40AC-AC66-645A8FA11A90}.Debug|x64.ActiveCfg = Debug|x64
		{65EC4ADC-62E6-40AC-AC66-645A8FA11A90}.Debug|x64.Build.0 = Debug|x64
		{65EC4ADC-62E6-40AC-AC66-645A8FA11A90}.Debug|x86.ActiveCfg = Debug|Win32
		{65EC4ADC-62E6-40AC-AC66-645A8FA11A90}.Debug|x86.Build.0 = Debug|Win32
		{65EC4ADC-62E6-40AC-AC66-645A8FA11A90}.Release|x64.ActiveCfg = Release|x64
		{65EC4ADC-62E6-40AC-AC66-645A8FA11A90}.Release|x64.Build.0 = Release|x64
		{65EC4ADC-62E6-40AC-AC66-645A8FA11A90}.Release|x86.ActiveCfg = Release|Win32
		{65EC4ADC-62E6-40AC-AC66-645A8FA11A90}.Release|x86.Build.0 = Release|Win32
		{3D9C1731-0A3C-4D8E-BAF0-3C49701134F4}.Debug|x64.ActiveCfg = Debug|x64
		{3D9C1731-0A3C-4D8E-BAF0-3C49701134F4}.Debug|x64.Build.0 = Debug|x64
		{3D9C1731-0A3C-4D8E-BAF0-3C49701134F4}.Debug|x86.ActiveCfg = Debug|Win32
		{3D9C1731-0A3C-4D8E-BAF0-3C49701134F4}.Debug|x86.Build.0 = Debug|Win32
		{3D9C1731-0A3C-4D8E-BAF0-3C49701134F4}.Release|x64.ActiveCfg = Release|x64
		{3D9C1731-0A3C-4D8E-BAF0-3C49701134F4}.Release|x64.Build.0 = Release|x64
		{3D9C1731-0A3C-4D8E-BAF0-3C49701134F4}.Release|x86.ActiveCfg = Release|Win32
		{3D9C1731-0A3C-4D8E-BAF0-3C49701134F4}.Release|x86.Build.0 = Release|Win32
		{89BFAEA0-0A7A-47C8-B242-D4770A75E03D}.Debug|x64.ActiveCfg = Debug|x64
		{89BFAEA0-0A7A-47C8-B242-D4770A75E03D}.Debug|x64.Build.0 = Debug|x64
		{89BFAEA0-0A7A-47C8-B242-D4770A75E03D}.Debug|x86.ActiveCfg = Debug|Win32
		{89BFAEA0-0A7A-47C8-B242-D4770A75E03D}.Debug|x86.Build.0 = Debug|Win32
		{89BFAEA0-0A7A-47C8-B242-D4770A75E03D}.Release|x64.ActiveCfg = Release|x64
		{89BFAEA0-0A7A-47C8-B242-D4770A75E03D}.Release|x64.Build.0 = Release|x64
		{89BFAEA0-0A7A-47C8-B242-D4770A75E03D}.Release|x86.ActiveCfg = Release|Win32
		{89BFAEA0-0A7A-47C8-B242-D4770A75E03D}.Release|x86.Build.0 = Release|Win32
	EndGlobalSection
	GlobalSection(SolutionProperties) = preSolution
		HideSolutionNode = FALSE
	EndGlobalSection
	GlobalSection(ExtensibilityGlobals) = postSolution
		SolutionGuid = {4E791D14-048F-46C2-8A17-1C7F9B544F1D}
	EndGlobalSection
EndGlobal
